
Microsoft Visual Studio Solution File, Format Version 12.00
# Visual Studio 15
VisualStudioVersion = 15.0.28307.489
MinimumVisualStudioVersion = 10.0.40219.1
Project("{FAE04EC0-301F-11D3-BF4B-00C04F79EFBC}") = "L502_digout_api_windows", "L502_digout_api_windows\L502_digout_api_windows.csproj", "{EB9DB757-A648-48AF-9771-A71D5EA81325}"
EndProject
Global
	GlobalSection(SolutionConfigurationPlatforms) = preSolution
		Debug|Any CPU = Debug|Any CPU
		Release|Any CPU = Release|Any CPU
	EndGlobalSection
	GlobalSection(ProjectConfigurationPlatforms) = postSolution
		{EB9DB757-A648-48AF-9771-A71D5EA81325}.Debug|Any CPU.ActiveCfg = Debug|Any CPU
		{EB9DB757-A648-48AF-9771-A71D5EA81325}.Debug|Any CPU.Build.0 = Debug|Any CPU
		{EB9DB757-A648-48AF-9771-A71D5EA81325}.Release|Any CPU.ActiveCfg = Release|Any CPU
		{EB9DB757-A648-48AF-9771-A71D5EA81325}.Release|Any CPU.Build.0 = Release|Any CPU
	EndGlobalSection
	GlobalSection(SolutionProperties) = preSolution
		HideSolutionNode = FALSE
	EndGlobalSection
	GlobalSection(ExtensibilityGlobals) = postSolution
		SolutionGuid = {1F082F50-B3B1-401B-AF17-90AEDD9D8030}
	EndGlobalSection
EndGlobal
